
Microsoft Visual Studio Solution File, Format Version 12.00
# Visual Studio Version 17
VisualStudioVersion = 17.5.33530.505
MinimumVisualStudioVersion = 10.0.40219.1
Project("{FAE04EC0-301F-11D3-BF4B-00C04F79EFBC}") = "Checksum", "Checksum.csproj", "{5C75C296-0442-439C-A9C2-8D74084D5DEC}"
EndProject
Global
	GlobalSection(SolutionConfigurationPlatforms) = preSolution
		Debug|Any CPU = Debug|Any CPU
		Release|Any CPU = Release|Any CPU
	EndGlobalSection
	GlobalSection(ProjectConfigurationPlatforms) = postSolution
		{5C75C296-0442-439C-A9C2-8D74084D5DEC}.Debug|Any CPU.ActiveCfg = Debug|Any CPU
		{5C75C296-0442-439C-A9C2-8D74084D5DEC}.Debug|Any CPU.Build.0 = Debug|Any CPU
		{5C75C296-0442-439C-A9C2-8D74084D5DEC}.Release|Any CPU.ActiveCfg = Release|Any CPU
		{5C75C296-0442-439C-A9C2-8D74084D5DEC}.Release|Any CPU.Build.0 = Release|Any CPU
	EndGlobalSection
	GlobalSection(SolutionProperties) = preSolution
		HideSolutionNode = FALSE
	EndGlobalSection
	GlobalSection(ExtensibilityGlobals) = postSolution
		SolutionGuid = {6368C9DD-C45A-48DD-B226-2DBFE6DE7F98}
	EndGlobalSection
EndGlobal
